
Microsoft Visual Studio Solution File, Format Version 12.00
# Visual Studio Version 16
VisualStudioVersion = 16.0.29920.165
MinimumVisualStudioVersion = 10.0.40219.1
Project("{FAE04EC0-301F-11D3-BF4B-00C04F79EFBC}") = "Meister.SDK.NetCore", "Meister.SDK\Meister.SDK.NetCore.csproj", "{D87B77FE-4C63-4821-844F-57E867E92A23}"
EndProject
Global
	GlobalSection(SolutionConfigurationPlatforms) = preSolution
		Debug|Any CPU = Debug|Any CPU
		Release|Any CPU = Release|Any CPU
	EndGlobalSection
	GlobalSection(ProjectConfigurationPlatforms) = postSolution
		{D87B77FE-4C63-4821-844F-57E867E92A23}.Debug|Any CPU.ActiveCfg = Debug|Any CPU
		{D87B77FE-4C63-4821-844F-57E867E92A23}.Debug|Any CPU.Build.0 = Debug|Any CPU
		{D87B77FE-4C63-4821-844F-57E867E92A23}.Release|Any CPU.ActiveCfg = Release|Any CPU
		{D87B77FE-4C63-4821-844F-57E867E92A23}.Release|Any CPU.Build.0 = Release|Any CPU
	EndGlobalSection
	GlobalSection(SolutionProperties) = preSolution
		HideSolutionNode = FALSE
	EndGlobalSection
	GlobalSection(ExtensibilityGlobals) = postSolution
		SolutionGuid = {604422EC-CECA-4265-95A6-B7B15360D4B5}
	EndGlobalSection
EndGlobal
